
Microsoft Visual Studio Solution File, Format Version 12.00
# Visual Studio Version 16
VisualStudioVersion = 16.0.31205.134
MinimumVisualStudioVersion = 10.0.40219.1
Project("{8BC9CEB8-8B4A-11D0-8D11-00A0C91BC942}") = "FirstProject", "FirstProject.vcxproj", "{4241073F-1697-4B60-BAE5-7929EBFE18EE}"
EndProject
Global
	GlobalSection(SolutionConfigurationPlatforms) = preSolution
		Debug|x64 = Debug|x64
		Debug|x86 = Debug|x86
		Release|x64 = Release|x64
		Release|x86 = Release|x86
	EndGlobalSection
	GlobalSection(ProjectConfigurationPlatforms) = postSolution
		{4241073F-1697-4B60-BAE5-7929EBFE18EE}.Debug|x64.ActiveCfg = Debug|x64
		{4241073F-1697-4B60-BAE5-7929EBFE18EE}.Debug|x64.Build.0 = Debug|x64
		{4241073F-1697-4B60-BAE5-7929EBFE18EE}.Debug|x86.ActiveCfg = Debug|Win32
		{4241073F-1697-4B60-BAE5-7929EBFE18EE}.Debug|x86.Build.0 = Debug|Win32
		{4241073F-1697-4B60-BAE5-7929EBFE18EE}.Release|x64.ActiveCfg = Release|x64
		{4241073F-1697-4B60-BAE5-7929EBFE18EE}.Release|x64.Build.0 = Release|x64
		{4241073F-1697-4B60-BAE5-7929EBFE18EE}.Release|x86.ActiveCfg = Release|Win32
		{4241073F-1697-4B60-BAE5-7929EBFE18EE}.Release|x86.Build.0 = Release|Win32
	EndGlobalSection
	GlobalSection(SolutionProperties) = preSolution
		HideSolutionNode = FALSE
	EndGlobalSection
	GlobalSection(ExtensibilityGlobals) = postSolution
		SolutionGuid = {1C3962D8-F353-4044-B02C-3D2CF9DDFD99}
	EndGlobalSection
EndGlobal
